
Microsoft Visual Studio Solution File, Format Version 12.00
# Visual Studio Version 16
VisualStudioVersion = 16.0.32929.386
MinimumVisualStudioVersion = 10.0.40219.1
Project("{FAE04EC0-301F-11D3-BF4B-00C04F79EFBC}") = "AttendanceAccounting", "AttendanceAccounting.csproj", "{70E0A867-3D24-48C2-9D02-62FCD50F46D1}"
EndProject
Global
	GlobalSection(SolutionConfigurationPlatforms) = preSolution
		Debug|Any CPU = Debug|Any CPU
		Release|Any CPU = Release|Any CPU
	EndGlobalSection
	GlobalSection(ProjectConfigurationPlatforms) = postSolution
		{70E0A867-3D24-48C2-9D02-62FCD50F46D1}.Debug|Any CPU.ActiveCfg = Debug|Any CPU
		{70E0A867-3D24-48C2-9D02-62FCD50F46D1}.Debug|Any CPU.Build.0 = Debug|Any CPU
		{70E0A867-3D24-48C2-9D02-62FCD50F46D1}.Release|Any CPU.ActiveCfg = Release|Any CPU
		{70E0A867-3D24-48C2-9D02-62FCD50F46D1}.Release|Any CPU.Build.0 = Release|Any CPU
	EndGlobalSection
	GlobalSection(SolutionProperties) = preSolution
		HideSolutionNode = FALSE
	EndGlobalSection
	GlobalSection(ExtensibilityGlobals) = postSolution
		SolutionGuid = {3ABC63B3-0B42-443D-8EAA-7E7AE8E4FF2E}
	EndGlobalSection
EndGlobal
